
Microsoft Visual Studio Solution File, Format Version 12.00
# Visual Studio 15
VisualStudioVersion = 15.0.27703.2026
MinimumVisualStudioVersion = 10.0.40219.1
Project("{FAE04EC0-301F-11D3-BF4B-00C04F79EFBC}") = "CSEViewer", "CSEViewer\CSEViewer.csproj", "{B52AD4D4-7FF0-4BB4-8298-9159C2B3A2CA}"
EndProject
Global
	GlobalSection(SolutionConfigurationPlatforms) = preSolution
		Debug|Any CPU = Debug|Any CPU
		Release|Any CPU = Release|Any CPU
	EndGlobalSection
	GlobalSection(ProjectConfigurationPlatforms) = postSolution
		{B52AD4D4-7FF0-4BB4-8298-9159C2B3A2CA}.Debug|Any CPU.ActiveCfg = Debug|Any CPU
		{B52AD4D4-7FF0-4BB4-8298-9159C2B3A2CA}.Debug|Any CPU.Build.0 = Debug|Any CPU
		{B52AD4D4-7FF0-4BB4-8298-9159C2B3A2CA}.Release|Any CPU.ActiveCfg = Release|Any CPU
		{B52AD4D4-7FF0-4BB4-8298-9159C2B3A2CA}.Release|Any CPU.Build.0 = Release|Any CPU
	EndGlobalSection
	GlobalSection(SolutionProperties) = preSolution
		HideSolutionNode = FALSE
	EndGlobalSection
	GlobalSection(ExtensibilityGlobals) = postSolution
		SolutionGuid = {CCC643B0-F0BC-4906-AE1C-CC80A077A5F2}
	EndGlobalSection
EndGlobal
